// !$*UTF8*$!
{
	archiveVersion = 1;
	classes = {
	};
	objectVersion = 46;
	objects = {

/* Begin PBXBuildFile section */
		6274345A1C9B12E20054DCBD /* Helpers.swift in Sources */ = {isa = PBXBuildFile; fileRef = 627434591C9B12E20054DCBD /* Helpers.swift */; };
		6274345F1C9B275D0054DCBD /* AppCoordinator.swift in Sources */ = {isa = PBXBuildFile; fileRef = 6274345E1C9B275D0054DCBD /* AppCoordinator.swift */; };
		627434611C9B27810054DCBD /* KenoCoordinator.swift in Sources */ = {isa = PBXBuildFile; fileRef = 627434601C9B27810054DCBD /* KenoCoordinator.swift */; };
		627434631C9B27920054DCBD /* WinningNumbersCoordinator.swift in Sources */ = {isa = PBXBuildFile; fileRef = 627434621C9B27920054DCBD /* WinningNumbersCoordinator.swift */; };
		62866EFF1C9A3ECA00D57228 /* KenoRequest.swift in Sources */ = {isa = PBXBuildFile; fileRef = 62866EFE1C9A3ECA00D57228 /* KenoRequest.swift */; };
		62866F0E1C9A3F4900D57228 /* Curry.framework in Frameworks */ = {isa = PBXBuildFile; fileRef = 62866F0A1C9A3F4900D57228 /* Curry.framework */; };
		62866F0F1C9A3F4900D57228 /* Argo.framework in Frameworks */ = {isa = PBXBuildFile; fileRef = 62866F0B1C9A3F4900D57228 /* Argo.framework */; };
		62866F101C9A3F4900D57228 /* Result.framework in Frameworks */ = {isa = PBXBuildFile; fileRef = 62866F0C1C9A3F4900D57228 /* Result.framework */; };
		62866F111C9A42B400D57228 /* Swish.framework in Frameworks */ = {isa = PBXBuildFile; fileRef = 62866F091C9A3F4900D57228 /* Swish.framework */; };
		62B8320D1C9A4BBF007831B4 /* Path.swift in Sources */ = {isa = PBXBuildFile; fileRef = 62B8320C1C9A4BBF007831B4 /* Path.swift */; };
		62B8320F1C9A5181007831B4 /* WinningNumbersRequest.swift in Sources */ = {isa = PBXBuildFile; fileRef = 62B8320E1C9A5181007831B4 /* WinningNumbersRequest.swift */; };
		62B832111C9A55A1007831B4 /* Keno.swift in Sources */ = {isa = PBXBuildFile; fileRef = 62B832101C9A55A1007831B4 /* Keno.swift */; };
		62CBBC101C7E317F00C27DAD /* AppDelegate.swift in Sources */ = {isa = PBXBuildFile; fileRef = 62CBBC0F1C7E317F00C27DAD /* AppDelegate.swift */; };
		62CBBC121C7E317F00C27DAD /* KenoViewController.swift in Sources */ = {isa = PBXBuildFile; fileRef = 62CBBC111C7E317F00C27DAD /* KenoViewController.swift */; };
		62CBBC151C7E317F00C27DAD /* Main.storyboard in Resources */ = {isa = PBXBuildFile; fileRef = 62CBBC131C7E317F00C27DAD /* Main.storyboard */; };
		62CBBC171C7E317F00C27DAD /* Assets.xcassets in Resources */ = {isa = PBXBuildFile; fileRef = 62CBBC161C7E317F00C27DAD /* Assets.xcassets */; };
		62CBBC1A1C7E317F00C27DAD /* LaunchScreen.storyboard in Resources */ = {isa = PBXBuildFile; fileRef = 62CBBC181C7E317F00C27DAD /* LaunchScreen.storyboard */; };
		62CBBC251C7E317F00C27DAD /* MassStateKenoTests.swift in Sources */ = {isa = PBXBuildFile; fileRef = 62CBBC241C7E317F00C27DAD /* MassStateKenoTests.swift */; };
		62CBBC301C7E317F00C27DAD /* MassStateKenoUITests.swift in Sources */ = {isa = PBXBuildFile; fileRef = 62CBBC2F1C7E317F00C27DAD /* MassStateKenoUITests.swift */; };
		62CBBC411C7E31E100C27DAD /* LinearGradient.swift in Sources */ = {isa = PBXBuildFile; fileRef = 62CBBC401C7E31E100C27DAD /* LinearGradient.swift */; };
		62CBBC431C7E36CA00C27DAD /* WinningNumber.swift in Sources */ = {isa = PBXBuildFile; fileRef = 62CBBC421C7E36CA00C27DAD /* WinningNumber.swift */; };
		62CBBC461C7E371100C27DAD /* WinningNumbersController.swift in Sources */ = {isa = PBXBuildFile; fileRef = 62CBBC451C7E371100C27DAD /* WinningNumbersController.swift */; };
		62CBBC541C7E497900C27DAD /* MassLottery.swift in Sources */ = {isa = PBXBuildFile; fileRef = 62CBBC531C7E497900C27DAD /* MassLottery.swift */; };
		62CBBC691C7E541E00C27DAD /* Drawing.swift in Sources */ = {isa = PBXBuildFile; fileRef = 62CBBC681C7E541E00C27DAD /* Drawing.swift */; };
/* End PBXBuildFile section */

/* Begin PBXContainerItemProxy section */
		62CBBC211C7E317F00C27DAD /* PBXContainerItemProxy */ = {
			isa = PBXContainerItemProxy;
			containerPortal = 62CBBC041C7E317F00C27DAD /* Project object */;
			proxyType = 1;
			remoteGlobalIDString = 62CBBC0B1C7E317F00C27DAD;
			remoteInfo = MassStateKeno;
		};
		62CBBC2C1C7E317F00C27DAD /* PBXContainerItemProxy */ = {
			isa = PBXContainerItemProxy;
			containerPortal = 62CBBC041C7E317F00C27DAD /* Project object */;
			proxyType = 1;
			remoteGlobalIDString = 62CBBC0B1C7E317F00C27DAD;
			remoteInfo = MassStateKeno;
		};
/* End PBXContainerItemProxy section */

/* Begin PBXFileReference section */
		627434591C9B12E20054DCBD /* Helpers.swift */ = {isa = PBXFileReference; fileEncoding = 4; lastKnownFileType = sourcecode.swift; name = Helpers.swift; path = API/Helpers.swift; sourceTree = "<group>"; };
		6274345E1C9B275D0054DCBD /* AppCoordinator.swift */ = {isa = PBXFileReference; fileEncoding = 4; lastKnownFileType = sourcecode.swift; path = AppCoordinator.swift; sourceTree = "<group>"; };
		627434601C9B27810054DCBD /* KenoCoordinator.swift */ = {isa = PBXFileReference; fileEncoding = 4; lastKnownFileType = sourcecode.swift; path = KenoCoordinator.swift; sourceTree = "<group>"; };
		627434621C9B27920054DCBD /* WinningNumbersCoordinator.swift */ = {isa = PBXFileReference; fileEncoding = 4; lastKnownFileType = sourcecode.swift; path = WinningNumbersCoordinator.swift; sourceTree = "<group>"; };
		62866EFE1C9A3ECA00D57228 /* KenoRequest.swift */ = {isa = PBXFileReference; fileEncoding = 4; lastKnownFileType = sourcecode.swift; path = KenoRequest.swift; sourceTree = "<group>"; };
		62866F091C9A3F4900D57228 /* Swish.framework */ = {isa = PBXFileReference; lastKnownFileType = wrapper.framework; name = Swish.framework; path = Carthage/Build/iOS/Swish.framework; sourceTree = "<group>"; };
		62866F0A1C9A3F4900D57228 /* Curry.framework */ = {isa = PBXFileReference; lastKnownFileType = wrapper.framework; name = Curry.framework; path = Carthage/Build/iOS/Curry.framework; sourceTree = "<group>"; };
		62866F0B1C9A3F4900D57228 /* Argo.framework */ = {isa = PBXFileReference; lastKnownFileType = wrapper.framework; name = Argo.framework; path = Carthage/Build/iOS/Argo.framework; sourceTree = "<group>"; };
		62866F0C1C9A3F4900D57228 /* Result.framework */ = {isa = PBXFileReference; lastKnownFileType = wrapper.framework; name = Result.framework; path = Carthage/Build/iOS/Result.framework; sourceTree = "<group>"; };
		62B8320C1C9A4BBF007831B4 /* Path.swift */ = {isa = PBXFileReference; fileEncoding = 4; lastKnownFileType = sourcecode.swift; path = Path.swift; sourceTree = "<group>"; };
		62B8320E1C9A5181007831B4 /* WinningNumbersRequest.swift */ = {isa = PBXFileReference; fileEncoding = 4; lastKnownFileType = sourcecode.swift; path = WinningNumbersRequest.swift; sourceTree = "<group>"; };
		62B832101C9A55A1007831B4 /* Keno.swift */ = {isa = PBXFileReference; fileEncoding = 4; lastKnownFileType = sourcecode.swift; name = Keno.swift; path = API/Keno.swift; sourceTree = "<group>"; };
		62CBBC0C1C7E317F00C27DAD /* MassStateKeno.app */ = {isa = PBXFileReference; explicitFileType = wrapper.application; includeInIndex = 0; path = MassStateKeno.app; sourceTree = BUILT_PRODUCTS_DIR; };
		62CBBC0F1C7E317F00C27DAD /* AppDelegate.swift */ = {isa = PBXFileReference; lastKnownFileType = sourcecode.swift; path = AppDelegate.swift; sourceTree = "<group>"; };
		62CBBC111C7E317F00C27DAD /* KenoViewController.swift */ = {isa = PBXFileReference; lastKnownFileType = sourcecode.swift; path = KenoViewController.swift; sourceTree = "<group>"; };
		62CBBC141C7E317F00C27DAD /* Base */ = {isa = PBXFileReference; lastKnownFileType = file.storyboard; name = Base; path = Base.lproj/Main.storyboard; sourceTree = "<group>"; };
		62CBBC161C7E317F00C27DAD /* Assets.xcassets */ = {isa = PBXFileReference; lastKnownFileType = folder.assetcatalog; path = Assets.xcassets; sourceTree = "<group>"; };
		62CBBC191C7E317F00C27DAD /* Base */ = {isa = PBXFileReference; lastKnownFileType = file.storyboard; name = Base; path = Base.lproj/LaunchScreen.storyboard; sourceTree = "<group>"; };
		62CBBC1B1C7E317F00C27DAD /* Info.plist */ = {isa = PBXFileReference; lastKnownFileType = text.plist.xml; path = Info.plist; sourceTree = "<group>"; };
		62CBBC201C7E317F00C27DAD /* MassStateKenoTests.xctest */ = {isa = PBXFileReference; explicitFileType = wrapper.cfbundle; includeInIndex = 0; path = MassStateKenoTests.xctest; sourceTree = BUILT_PRODUCTS_DIR; };
		62CBBC241C7E317F00C27DAD /* MassStateKenoTests.swift */ = {isa = PBXFileReference; lastKnownFileType = sourcecode.swift; path = MassStateKenoTests.swift; sourceTree = "<group>"; };
		62CBBC261C7E317F00C27DAD /* Info.plist */ = {isa = PBXFileReference; lastKnownFileType = text.plist.xml; path = Info.plist; sourceTree = "<group>"; };
		62CBBC2B1C7E317F00C27DAD /* MassStateKenoUITests.xctest */ = {isa = PBXFileReference; explicitFileType = wrapper.cfbundle; includeInIndex = 0; path = MassStateKenoUITests.xctest; sourceTree = BUILT_PRODUCTS_DIR; };
		62CBBC2F1C7E317F00C27DAD /* MassStateKenoUITests.swift */ = {isa = PBXFileReference; lastKnownFileType = sourcecode.swift; path = MassStateKenoUITests.swift; sourceTree = "<group>"; };
		62CBBC311C7E317F00C27DAD /* Info.plist */ = {isa = PBXFileReference; lastKnownFileType = text.plist.xml; path = Info.plist; sourceTree = "<group>"; };
		62CBBC401C7E31E100C27DAD /* LinearGradient.swift */ = {isa = PBXFileReference; fileEncoding = 4; lastKnownFileType = sourcecode.swift; path = LinearGradient.swift; sourceTree = "<group>"; };
		62CBBC421C7E36CA00C27DAD /* WinningNumber.swift */ = {isa = PBXFileReference; fileEncoding = 4; lastKnownFileType = sourcecode.swift; path = WinningNumber.swift; sourceTree = "<group>"; };
		62CBBC451C7E371100C27DAD /* WinningNumbersController.swift */ = {isa = PBXFileReference; fileEncoding = 4; lastKnownFileType = sourcecode.swift; path = WinningNumbersController.swift; sourceTree = "<group>"; };
		62CBBC531C7E497900C27DAD /* MassLottery.swift */ = {isa = PBXFileReference; fileEncoding = 4; lastKnownFileType = sourcecode.swift; path = MassLottery.swift; sourceTree = "<group>"; };
		62CBBC681C7E541E00C27DAD /* Drawing.swift */ = {isa = PBXFileReference; fileEncoding = 4; lastKnownFileType = sourcecode.swift; name = Drawing.swift; path = API/Drawing.swift; sourceTree = "<group>"; };
/* End PBXFileReference section */

/* Begin PBXFrameworksBuildPhase section */
		62CBBC091C7E317F00C27DAD /* Frameworks */ = {
			isa = PBXFrameworksBuildPhase;
			buildActionMask = 2147483647;
			files = (
				62866F101C9A3F4900D57228 /* Result.framework in Frameworks */,
				62866F0E1C9A3F4900D57228 /* Curry.framework in Frameworks */,
				62866F0F1C9A3F4900D57228 /* Argo.framework in Frameworks */,
				62866F111C9A42B400D57228 /* Swish.framework in Frameworks */,
			);
			runOnlyForDeploymentPostprocessing = 0;
		};
		62CBBC1D1C7E317F00C27DAD /* Frameworks */ = {
			isa = PBXFrameworksBuildPhase;
			buildActionMask = 2147483647;
			files = (
			);
			runOnlyForDeploymentPostprocessing = 0;
		};
		62CBBC281C7E317F00C27DAD /* Frameworks */ = {
			isa = PBXFrameworksBuildPhase;
			buildActionMask = 2147483647;
			files = (
			);
			runOnlyForDeploymentPostprocessing = 0;
		};
/* End PBXFrameworksBuildPhase section */

/* Begin PBXGroup section */
		62534B271C7E901E0008C2EF /* API */ = {
			isa = PBXGroup;
			children = (
				62866EFE1C9A3ECA00D57228 /* KenoRequest.swift */,
				62CBBC531C7E497900C27DAD /* MassLottery.swift */,
				62B8320C1C9A4BBF007831B4 /* Path.swift */,
				62B8320E1C9A5181007831B4 /* WinningNumbersRequest.swift */,
			);
			path = API;
			sourceTree = "<group>";
		};
		6274345B1C9B23830054DCBD /* Views */ = {
			isa = PBXGroup;
			children = (
				62CBBC421C7E36CA00C27DAD /* WinningNumber.swift */,
			);
			name = Views;
			sourceTree = "<group>";
		};
		6274345C1C9B238A0054DCBD /* Controllers */ = {
			isa = PBXGroup;
			children = (
				62CBBC111C7E317F00C27DAD /* KenoViewController.swift */,
				62CBBC451C7E371100C27DAD /* WinningNumbersController.swift */,
			);
			name = Controllers;
			sourceTree = "<group>";
		};
		6274345D1C9B239E0054DCBD /* Models */ = {
			isa = PBXGroup;
			children = (
				62CBBC681C7E541E00C27DAD /* Drawing.swift */,
				62B832101C9A55A1007831B4 /* Keno.swift */,
			);
			name = Models;
			sourceTree = "<group>";
		};
		62866F081C9A3F2C00D57228 /* Frameworks */ = {
			isa = PBXGroup;
			children = (
				62866F091C9A3F4900D57228 /* Swish.framework */,
				62866F0A1C9A3F4900D57228 /* Curry.framework */,
				62866F0B1C9A3F4900D57228 /* Argo.framework */,
				62866F0C1C9A3F4900D57228 /* Result.framework */,
			);
			name = Frameworks;
			sourceTree = "<group>";
		};
		62CBBC031C7E317F00C27DAD = {
			isa = PBXGroup;
			children = (
				62866F081C9A3F2C00D57228 /* Frameworks */,
				62CBBC441C7E36CE00C27DAD /* Library */,
				62CBBC0E1C7E317F00C27DAD /* Source */,
				62CBBC3D1C7E31A200C27DAD /* Resources */,
				62CBBC3F1C7E31BC00C27DAD /* SupportFiles */,
				62CBBC3E1C7E31A900C27DAD /* Tests */,
				62CBBC0D1C7E317F00C27DAD /* Products */,
			);
			sourceTree = "<group>";
		};
		62CBBC0D1C7E317F00C27DAD /* Products */ = {
			isa = PBXGroup;
			children = (
				62CBBC0C1C7E317F00C27DAD /* MassStateKeno.app */,
				62CBBC201C7E317F00C27DAD /* MassStateKenoTests.xctest */,
				62CBBC2B1C7E317F00C27DAD /* MassStateKenoUITests.xctest */,
			);
			name = Products;
			sourceTree = "<group>";
		};
		62CBBC0E1C7E317F00C27DAD /* Source */ = {
			isa = PBXGroup;
			children = (
				62CBBC0F1C7E317F00C27DAD /* AppDelegate.swift */,
				6274345E1C9B275D0054DCBD /* AppCoordinator.swift */,
				627434601C9B27810054DCBD /* KenoCoordinator.swift */,
				627434621C9B27920054DCBD /* WinningNumbersCoordinator.swift */,
				627434591C9B12E20054DCBD /* Helpers.swift */,
				6274345D1C9B239E0054DCBD /* Models */,
				6274345C1C9B238A0054DCBD /* Controllers */,
				6274345B1C9B23830054DCBD /* Views */,
				62534B271C7E901E0008C2EF /* API */,
			);
			path = Source;
			sourceTree = "<group>";
		};
		62CBBC231C7E317F00C27DAD /* UnitTests */ = {
			isa = PBXGroup;
			children = (
				62CBBC261C7E317F00C27DAD /* Info.plist */,
				62CBBC241C7E317F00C27DAD /* MassStateKenoTests.swift */,
			);
			path = UnitTests;
			sourceTree = "<group>";
		};
		62CBBC2E1C7E317F00C27DAD /* UITests */ = {
			isa = PBXGroup;
			children = (
				62CBBC311C7E317F00C27DAD /* Info.plist */,
				62CBBC2F1C7E317F00C27DAD /* MassStateKenoUITests.swift */,
			);
			path = UITests;
			sourceTree = "<group>";
		};
		62CBBC3D1C7E31A200C27DAD /* Resources */ = {
			isa = PBXGroup;
			children = (
				62CBBC161C7E317F00C27DAD /* Assets.xcassets */,
				62CBBC181C7E317F00C27DAD /* LaunchScreen.storyboard */,
				62CBBC131C7E317F00C27DAD /* Main.storyboard */,
			);
			path = Resources;
			sourceTree = "<group>";
		};
		62CBBC3E1C7E31A900C27DAD /* Tests */ = {
			isa = PBXGroup;
			children = (
				62CBBC2E1C7E317F00C27DAD /* UITests */,
				62CBBC231C7E317F00C27DAD /* UnitTests */,
			);
			path = Tests;
			sourceTree = "<group>";
		};
		62CBBC3F1C7E31BC00C27DAD /* SupportFiles */ = {
			isa = PBXGroup;
			children = (
				62CBBC1B1C7E317F00C27DAD /* Info.plist */,
			);
			path = SupportFiles;
			sourceTree = "<group>";
		};
		62CBBC441C7E36CE00C27DAD /* Library */ = {
			isa = PBXGroup;
			children = (
				62CBBC401C7E31E100C27DAD /* LinearGradient.swift */,
			);
			path = Library;
			sourceTree = "<group>";
		};
/* End PBXGroup section */

/* Begin PBXNativeTarget section */
		62CBBC0B1C7E317F00C27DAD /* MassStateKeno */ = {
			isa = PBXNativeTarget;
			buildConfigurationList = 62CBBC341C7E317F00C27DAD /* Build configuration list for PBXNativeTarget "MassStateKeno" */;
			buildPhases = (
				62CBBC081C7E317F00C27DAD /* Sources */,
				62CBBC091C7E317F00C27DAD /* Frameworks */,
				62CBBC0A1C7E317F00C27DAD /* Resources */,
				62CF547D1C9A3C39004197F0 /* ShellScript */,
			);
			buildRules = (
			);
			dependencies = (
			);
			name = MassStateKeno;
			productName = MassStateKeno;
			productReference = 62CBBC0C1C7E317F00C27DAD /* MassStateKeno.app */;
			productType = "com.apple.product-type.application";
		};
		62CBBC1F1C7E317F00C27DAD /* MassStateKenoTests */ = {
			isa = PBXNativeTarget;
			buildConfigurationList = 62CBBC371C7E317F00C27DAD /* Build configuration list for PBXNativeTarget "MassStateKenoTests" */;
			buildPhases = (
				62CBBC1C1C7E317F00C27DAD /* Sources */,
				62CBBC1D1C7E317F00C27DAD /* Frameworks */,
				62CBBC1E1C7E317F00C27DAD /* Resources */,
			);
			buildRules = (
			);
			dependencies = (
				62CBBC221C7E317F00C27DAD /* PBXTargetDependency */,
			);
			name = MassStateKenoTests;
			productName = MassStateKenoTests;
			productReference = 62CBBC201C7E317F00C27DAD /* MassStateKenoTests.xctest */;
			productType = "com.apple.product-type.bundle.unit-test";
		};
		62CBBC2A1C7E317F00C27DAD /* MassStateKenoUITests */ = {
			isa = PBXNativeTarget;
			buildConfigurationList = 62CBBC3A1C7E317F00C27DAD /* Build configuration list for PBXNativeTarget "MassStateKenoUITests" */;
			buildPhases = (
				62CBBC271C7E317F00C27DAD /* Sources */,
				62CBBC281C7E317F00C27DAD /* Frameworks */,
				62CBBC291C7E317F00C27DAD /* Resources */,
			);
			buildRules = (
			);
			dependencies = (
				62CBBC2D1C7E317F00C27DAD /* PBXTargetDependency */,
			);
			name = MassStateKenoUITests;
			productName = MassStateKenoUITests;
			productReference = 62CBBC2B1C7E317F00C27DAD /* MassStateKenoUITests.xctest */;
			productType = "com.apple.product-type.bundle.ui-testing";
		};
/* End PBXNativeTarget section */

/* Begin PBXProject section */
		62CBBC041C7E317F00C27DAD /* Project object */ = {
			isa = PBXProject;
			attributes = {
				LastSwiftUpdateCheck = 0720;
				LastUpgradeCheck = 0720;
				ORGANIZATIONNAME = "Alexis Digital";
				TargetAttributes = {
					62CBBC0B1C7E317F00C27DAD = {
						CreatedOnToolsVersion = 7.2.1;
					};
					62CBBC1F1C7E317F00C27DAD = {
						CreatedOnToolsVersion = 7.2.1;
						TestTargetID = 62CBBC0B1C7E317F00C27DAD;
					};
					62CBBC2A1C7E317F00C27DAD = {
						CreatedOnToolsVersion = 7.2.1;
						TestTargetID = 62CBBC0B1C7E317F00C27DAD;
					};
				};
			};
			buildConfigurationList = 62CBBC071C7E317F00C27DAD /* Build configuration list for PBXProject "MassStateKeno" */;
			compatibilityVersion = "Xcode 3.2";
			developmentRegion = English;
			hasScannedForEncodings = 0;
			knownRegions = (
				en,
				Base,
			);
			mainGroup = 62CBBC031C7E317F00C27DAD;
			productRefGroup = 62CBBC0D1C7E317F00C27DAD /* Products */;
			projectDirPath = "";
			projectRoot = "";
			targets = (
				62CBBC0B1C7E317F00C27DAD /* MassStateKeno */,
				62CBBC1F1C7E317F00C27DAD /* MassStateKenoTests */,
				62CBBC2A1C7E317F00C27DAD /* MassStateKenoUITests */,
			);
		};
/* End PBXProject section */

/* Begin PBXResourcesBuildPhase section */
		62CBBC0A1C7E317F00C27DAD /* Resources */ = {
			isa = PBXResourcesBuildPhase;
			buildActionMask = 2147483647;
			files = (
				62CBBC1A1C7E317F00C27DAD /* LaunchScreen.storyboard in Resources */,
				62CBBC171C7E317F00C27DAD /* Assets.xcassets in Resources */,
				62CBBC151C7E317F00C27DAD /* Main.storyboard in Resources */,
			);
			runOnlyForDeploymentPostprocessing = 0;
		};
		62CBBC1E1C7E317F00C27DAD /* Resources */ = {
			isa = PBXResourcesBuildPhase;
			buildActionMask = 2147483647;
			files = (
			);
			runOnlyForDeploymentPostprocessing = 0;
		};
		62CBBC291C7E317F00C27DAD /* Resources */ = {
			isa = PBXResourcesBuildPhase;
			buildActionMask = 2147483647;
			files = (
			);
			runOnlyForDeploymentPostprocessing = 0;
		};
/* End PBXResourcesBuildPhase section */

/* Begin PBXShellScriptBuildPhase section */
		62CF547D1C9A3C39004197F0 /* ShellScript */ = {
			isa = PBXShellScriptBuildPhase;
			buildActionMask = 2147483647;
			files = (
			);
			inputPaths = (
				"$(SRCROOT)/Carthage/Build/iOS/Argo.framework",
				"$(SRCROOT)/Carthage/Build/iOS/Curry.framework",
				"$(SRCROOT)/Carthage/Build/iOS/Swish.framework",
				"$(SRCROOT)/Carthage/Build/iOS/Result.framework",
			);
			outputPaths = (
			);
			runOnlyForDeploymentPostprocessing = 0;
			shellPath = /bin/sh;
			shellScript = "/usr/local/bin/carthage copy-frameworks";
		};
/* End PBXShellScriptBuildPhase section */

/* Begin PBXSourcesBuildPhase section */
		62CBBC081C7E317F00C27DAD /* Sources */ = {
			isa = PBXSourcesBuildPhase;
			buildActionMask = 2147483647;
			files = (
				627434631C9B27920054DCBD /* WinningNumbersCoordinator.swift in Sources */,
				62B832111C9A55A1007831B4 /* Keno.swift in Sources */,
				627434611C9B27810054DCBD /* KenoCoordinator.swift in Sources */,
				62CBBC121C7E317F00C27DAD /* KenoViewController.swift in Sources */,
				6274345F1C9B275D0054DCBD /* AppCoordinator.swift in Sources */,
				62CBBC431C7E36CA00C27DAD /* WinningNumber.swift in Sources */,
				62CBBC461C7E371100C27DAD /* WinningNumbersController.swift in Sources */,
				62866EFF1C9A3ECA00D57228 /* KenoRequest.swift in Sources */,
				62CBBC101C7E317F00C27DAD /* AppDelegate.swift in Sources */,
				62CBBC691C7E541E00C27DAD /* Drawing.swift in Sources */,
				6274345A1C9B12E20054DCBD /* Helpers.swift in Sources */,
				62CBBC541C7E497900C27DAD /* MassLottery.swift in Sources */,
				62B8320F1C9A5181007831B4 /* WinningNumbersRequest.swift in Sources */,
				62B8320D1C9A4BBF007831B4 /* Path.swift in Sources */,
				62CBBC411C7E31E100C27DAD /* LinearGradient.swift in Sources */,
			);
			runOnlyForDeploymentPostprocessing = 0;
		};
		62CBBC1C1C7E317F00C27DAD /* Sources */ = {
			isa = PBXSourcesBuildPhase;
			buildActionMask = 2147483647;
			files = (
				62CBBC251C7E317F00C27DAD /* MassStateKenoTests.swift in Sources */,
			);
			runOnlyForDeploymentPostprocessing = 0;
		};
		62CBBC271C7E317F00C27DAD /* Sources */ = {
			isa = PBXSourcesBuildPhase;
			buildActionMask = 2147483647;
			files = (
				62CBBC301C7E317F00C27DAD /* MassStateKenoUITests.swift in Sources */,
			);
			runOnlyForDeploymentPostprocessing = 0;
		};
/* End PBXSourcesBuildPhase section */

/* Begin PBXTargetDependency section */
		62CBBC221C7E317F00C27DAD /* PBXTargetDependency */ = {
			isa = PBXTargetDependency;
			target = 62CBBC0B1C7E317F00C27DAD /* MassStateKeno */;
			targetProxy = 62CBBC211C7E317F00C27DAD /* PBXContainerItemProxy */;
		};
		62CBBC2D1C7E317F00C27DAD /* PBXTargetDependency */ = {
			isa = PBXTargetDependency;
			target = 62CBBC0B1C7E317F00C27DAD /* MassStateKeno */;
			targetProxy = 62CBBC2C1C7E317F00C27DAD /* PBXContainerItemProxy */;
		};
/* End PBXTargetDependency section */

/* Begin PBXVariantGroup section */
		62CBBC131C7E317F00C27DAD /* Main.storyboard */ = {
			isa = PBXVariantGroup;
			children = (
				62CBBC141C7E317F00C27DAD /* Base */,
			);
			name = Main.storyboard;
			path = .;
			sourceTree = "<group>";
		};
		62CBBC181C7E317F00C27DAD /* LaunchScreen.storyboard */ = {
			isa = PBXVariantGroup;
			children = (
				62CBBC191C7E317F00C27DAD /* Base */,
			);
			name = LaunchScreen.storyboard;
			path = .;
			sourceTree = "<group>";
		};
/* End PBXVariantGroup section */

/* Begin XCBuildConfiguration section */
		62CBBC321C7E317F00C27DAD /* Debug */ = {
			isa = XCBuildConfiguration;
			buildSettings = {
				ALWAYS_SEARCH_USER_PATHS = NO;
				CLANG_CXX_LANGUAGE_STANDARD = "gnu++0x";
				CLANG_CXX_LIBRARY = "libc++";
				CLANG_ENABLE_MODULES = YES;
				CLANG_ENABLE_OBJC_ARC = YES;
				CLANG_WARN_ASSIGN_ENUM = YES;
				CLANG_WARN_BOOL_CONVERSION = YES;
				CLANG_WARN_CONSTANT_CONVERSION = YES;
				CLANG_WARN_DEPRECATED_OBJC_IMPLEMENTATIONS = YES;
				CLANG_WARN_DIRECT_OBJC_ISA_USAGE = YES_ERROR;
				CLANG_WARN_DOCUMENTATION_COMMENTS = YES;
				CLANG_WARN_EMPTY_BODY = YES;
				CLANG_WARN_ENUM_CONVERSION = YES;
				CLANG_WARN_IMPLICIT_SIGN_CONVERSION = YES;
				CLANG_WARN_INT_CONVERSION = YES;
				CLANG_WARN_NULLABLE_TO_NONNULL_CONVERSION = YES;
				CLANG_WARN_OBJC_IMPLICIT_ATOMIC_PROPERTIES = YES;
				CLANG_WARN_OBJC_ROOT_CLASS = YES_ERROR;
				CLANG_WARN_SUSPICIOUS_IMPLICIT_CONVERSION = YES;
				CLANG_WARN_UNREACHABLE_CODE = YES;
				CLANG_WARN__DUPLICATE_METHOD_MATCH = YES;
				"CODE_SIGN_IDENTITY[sdk=iphoneos*]" = "iPhone Developer";
				COPY_PHASE_STRIP = NO;
				DEBUG_INFORMATION_FORMAT = dwarf;
				ENABLE_STRICT_OBJC_MSGSEND = YES;
				ENABLE_TESTABILITY = YES;
				GCC_C_LANGUAGE_STANDARD = gnu99;
				GCC_DYNAMIC_NO_PIC = NO;
				GCC_NO_COMMON_BLOCKS = YES;
				GCC_OPTIMIZATION_LEVEL = 0;
				GCC_PREPROCESSOR_DEFINITIONS = (
					"DEBUG=1",
					"$(inherited)",
				);
				GCC_TREAT_IMPLICIT_FUNCTION_DECLARATIONS_AS_ERRORS = YES;
				GCC_TREAT_INCOMPATIBLE_POINTER_TYPE_WARNINGS_AS_ERRORS = YES;
				GCC_TREAT_WARNINGS_AS_ERRORS = YES;
				GCC_WARN_64_TO_32_BIT_CONVERSION = YES;
				GCC_WARN_ABOUT_MISSING_FIELD_INITIALIZERS = YES;
				GCC_WARN_ABOUT_MISSING_NEWLINE = YES;
				GCC_WARN_ABOUT_MISSING_PROTOTYPES = YES;
				GCC_WARN_ABOUT_RETURN_TYPE = YES_ERROR;
				GCC_WARN_FOUR_CHARACTER_CONSTANTS = YES;
				GCC_WARN_INITIALIZER_NOT_FULLY_BRACKETED = YES;
				GCC_WARN_PEDANTIC = YES;
				GCC_WARN_SHADOW = YES;
				GCC_WARN_SIGN_COMPARE = YES;
				GCC_WARN_STRICT_SELECTOR_MATCH = YES;
				GCC_WARN_UNDECLARED_SELECTOR = YES;
				GCC_WARN_UNINITIALIZED_AUTOS = YES_AGGRESSIVE;
				GCC_WARN_UNKNOWN_PRAGMAS = YES;
				GCC_WARN_UNUSED_FUNCTION = YES;
				GCC_WARN_UNUSED_LABEL = YES;
				GCC_WARN_UNUSED_PARAMETER = YES;
				GCC_WARN_UNUSED_VARIABLE = YES;
				IPHONEOS_DEPLOYMENT_TARGET = 9.2;
				MTL_ENABLE_DEBUG_INFO = YES;
				ONLY_ACTIVE_ARCH = YES;
				SDKROOT = iphoneos;
				SWIFT_OPTIMIZATION_LEVEL = "-Onone";
				TARGETED_DEVICE_FAMILY = "1,2";
			};
			name = Debug;
		};
		62CBBC331C7E317F00C27DAD /* Release */ = {
			isa = XCBuildConfiguration;
			buildSettings = {
				ALWAYS_SEARCH_USER_PATHS = NO;
				CLANG_CXX_LANGUAGE_STANDARD = "gnu++0x";
				CLANG_CXX_LIBRARY = "libc++";
				CLANG_ENABLE_MODULES = YES;
				CLANG_ENABLE_OBJC_ARC = YES;
				CLANG_WARN_ASSIGN_ENUM = YES;
				CLANG_WARN_BOOL_CONVERSION = YES;
				CLANG_WARN_CONSTANT_CONVERSION = YES;
				CLANG_WARN_DEPRECATED_OBJC_IMPLEMENTATIONS = YES;
				CLANG_WARN_DIRECT_OBJC_ISA_USAGE = YES_ERROR;
				CLANG_WARN_DOCUMENTATION_COMMENTS = YES;
				CLANG_WARN_EMPTY_BODY = YES;
				CLANG_WARN_ENUM_CONVERSION = YES;
				CLANG_WARN_IMPLICIT_SIGN_CONVERSION = YES;
				CLANG_WARN_INT_CONVERSION = YES;
				CLANG_WARN_NULLABLE_TO_NONNULL_CONVERSION = YES;
				CLANG_WARN_OBJC_IMPLICIT_ATOMIC_PROPERTIES = YES;
				CLANG_WARN_OBJC_ROOT_CLASS = YES_ERROR;
				CLANG_WARN_SUSPICIOUS_IMPLICIT_CONVERSION = YES;
				CLANG_WARN_UNREACHABLE_CODE = YES;
				CLANG_WARN__DUPLICATE_METHOD_MATCH = YES;
				"CODE_SIGN_IDENTITY[sdk=iphoneos*]" = "iPhone Developer";
				COPY_PHASE_STRIP = NO;
				DEBUG_INFORMATION_FORMAT = "dwarf-with-dsym";
				ENABLE_NS_ASSERTIONS = NO;
				ENABLE_STRICT_OBJC_MSGSEND = YES;
				GCC_C_LANGUAGE_STANDARD = gnu99;
				GCC_NO_COMMON_BLOCKS = YES;
				GCC_TREAT_IMPLICIT_FUNCTION_DECLARATIONS_AS_ERRORS = YES;
				GCC_TREAT_INCOMPATIBLE_POINTER_TYPE_WARNINGS_AS_ERRORS = YES;
				GCC_TREAT_WARNINGS_AS_ERRORS = YES;
				GCC_WARN_64_TO_32_BIT_CONVERSION = YES;
				GCC_WARN_ABOUT_MISSING_FIELD_INITIALIZERS = YES;
				GCC_WARN_ABOUT_MISSING_NEWLINE = YES;
				GCC_WARN_ABOUT_MISSING_PROTOTYPES = YES;
				GCC_WARN_ABOUT_RETURN_TYPE = YES_ERROR;
				GCC_WARN_FOUR_CHARACTER_CONSTANTS = YES;
				GCC_WARN_INITIALIZER_NOT_FULLY_BRACKETED = YES;
				GCC_WARN_PEDANTIC = YES;
				GCC_WARN_SHADOW = YES;
				GCC_WARN_SIGN_COMPARE = YES;
				GCC_WARN_STRICT_SELECTOR_MATCH = YES;
				GCC_WARN_UNDECLARED_SELECTOR = YES;
				GCC_WARN_UNINITIALIZED_AUTOS = YES_AGGRESSIVE;
				GCC_WARN_UNKNOWN_PRAGMAS = YES;
				GCC_WARN_UNUSED_FUNCTION = YES;
				GCC_WARN_UNUSED_LABEL = YES;
				GCC_WARN_UNUSED_PARAMETER = YES;
				GCC_WARN_UNUSED_VARIABLE = YES;
				IPHONEOS_DEPLOYMENT_TARGET = 9.2;
				MTL_ENABLE_DEBUG_INFO = NO;
				SDKROOT = iphoneos;
				TARGETED_DEVICE_FAMILY = "1,2";
				VALIDATE_PRODUCT = YES;
			};
			name = Release;
		};
		62CBBC351C7E317F00C27DAD /* Debug */ = {
			isa = XCBuildConfiguration;
			buildSettings = {
				ASSETCATALOG_COMPILER_APPICON_NAME = AppIcon;
				FRAMEWORK_SEARCH_PATHS = (
					"$(inherited)",
					"$(PROJECT_DIR)/Carthage/Build/iOS",
				);
				GCC_WARN_UNKNOWN_PRAGMAS = YES;
				GCC_WARN_UNUSED_LABEL = YES;
				GCC_WARN_UNUSED_PARAMETER = YES;
				INFOPLIST_FILE = "$(SRCROOT)/SupportFiles/Info.plist";
				IPHONEOS_DEPLOYMENT_TARGET = 9.2;
				LD_RUNPATH_SEARCH_PATHS = "$(inherited) @executable_path/Frameworks";
				PRODUCT_BUNDLE_IDENTIFIER = com.alexisdigital.MassStateKeno;
				PRODUCT_NAME = "$(TARGET_NAME)";
			};
			name = Debug;
		};
		62CBBC361C7E317F00C27DAD /* Release */ = {
			isa = XCBuildConfiguration;
			buildSettings = {
				ASSETCATALOG_COMPILER_APPICON_NAME = AppIcon;
				FRAMEWORK_SEARCH_PATHS = (
					"$(inherited)",
					"$(PROJECT_DIR)/Carthage/Build/iOS",
				);
				GCC_WARN_UNKNOWN_PRAGMAS = YES;
				GCC_WARN_UNUSED_LABEL = YES;
				GCC_WARN_UNUSED_PARAMETER = YES;
				INFOPLIST_FILE = "$(SRCROOT)/SupportFiles/Info.plist";
				IPHONEOS_DEPLOYMENT_TARGET = 9.2;
				LD_RUNPATH_SEARCH_PATHS = "$(inherited) @executable_path/Frameworks";
				PRODUCT_BUNDLE_IDENTIFIER = com.alexisdigital.MassStateKeno;
				PRODUCT_NAME = "$(TARGET_NAME)";
			};
			name = Release;
		};
		62CBBC381C7E317F00C27DAD /* Debug */ = {
			isa = XCBuildConfiguration;
			buildSettings = {
				BUNDLE_LOADER = "$(TEST_HOST)";
				INFOPLIST_FILE = Tests/UnitTests/Info.plist;
				LD_RUNPATH_SEARCH_PATHS = "$(inherited) @executable_path/Frameworks @loader_path/Frameworks";
				PRODUCT_BUNDLE_IDENTIFIER = com.alexisdigital.MassStateKenoTests;
				PRODUCT_NAME = "$(TARGET_NAME)";
				TEST_HOST = "$(BUILT_PRODUCTS_DIR)/MassStateKeno.app/MassStateKeno";
			};
			name = Debug;
		};
		62CBBC391C7E317F00C27DAD /* Release */ = {
			isa = XCBuildConfiguration;
			buildSettings = {
				BUNDLE_LOADER = "$(TEST_HOST)";
				INFOPLIST_FILE = Tests/UnitTests/Info.plist;
				LD_RUNPATH_SEARCH_PATHS = "$(inherited) @executable_path/Frameworks @loader_path/Frameworks";
				PRODUCT_BUNDLE_IDENTIFIER = com.alexisdigital.MassStateKenoTests;
				PRODUCT_NAME = "$(TARGET_NAME)";
				TEST_HOST = "$(BUILT_PRODUCTS_DIR)/MassStateKeno.app/MassStateKeno";
			};
			name = Release;
		};
		62CBBC3B1C7E317F00C27DAD /* Debug */ = {
			isa = XCBuildConfiguration;
			buildSettings = {
				INFOPLIST_FILE = Tests/UITests/Info.plist;
				LD_RUNPATH_SEARCH_PATHS = "$(inherited) @executable_path/Frameworks @loader_path/Frameworks";
				PRODUCT_BUNDLE_IDENTIFIER = com.alexisdigital.MassStateKenoUITests;
				PRODUCT_NAME = "$(TARGET_NAME)";
				TEST_TARGET_NAME = MassStateKeno;
				USES_XCTRUNNER = YES;
			};
			name = Debug;
		};
		62CBBC3C1C7E317F00C27DAD /* Release */ = {
			isa = XCBuildConfiguration;
			buildSettings = {
				INFOPLIST_FILE = Tests/UITests/Info.plist;
				LD_RUNPATH_SEARCH_PATHS = "$(inherited) @executable_path/Frameworks @loader_path/Frameworks";
				PRODUCT_BUNDLE_IDENTIFIER = com.alexisdigital.MassStateKenoUITests;
				PRODUCT_NAME = "$(TARGET_NAME)";
				TEST_TARGET_NAME = MassStateKeno;
				USES_XCTRUNNER = YES;
			};
			name = Release;
		};
/* End XCBuildConfiguration section */

/* Begin XCConfigurationList section */
		62CBBC071C7E317F00C27DAD /* Build configuration list for PBXProject "MassStateKeno" */ = {
			isa = XCConfigurationList;
			buildConfigurations = (
				62CBBC321C7E317F00C27DAD /* Debug */,
				62CBBC331C7E317F00C27DAD /* Release */,
			);
			defaultConfigurationIsVisible = 0;
			defaultConfigurationName = Release;
		};
		62CBBC341C7E317F00C27DAD /* Build configuration list for PBXNativeTarget "MassStateKeno" */ = {
			isa = XCConfigurationList;
			buildConfigurations = (
				62CBBC351C7E317F00C27DAD /* Debug */,
				62CBBC361C7E317F00C27DAD /* Release */,
			);
			defaultConfigurationIsVisible = 0;
			defaultConfigurationName = Release;
		};
		62CBBC371C7E317F00C27DAD /* Build configuration list for PBXNativeTarget "MassStateKenoTests" */ = {
			isa = XCConfigurationList;
			buildConfigurations = (
				62CBBC381C7E317F00C27DAD /* Debug */,
				62CBBC391C7E317F00C27DAD /* Release */,
			);
			defaultConfigurationIsVisible = 0;
			defaultConfigurationName = Release;
		};
		62CBBC3A1C7E317F00C27DAD /* Build configuration list for PBXNativeTarget "MassStateKenoUITests" */ = {
			isa = XCConfigurationList;
			buildConfigurations = (
				62CBBC3B1C7E317F00C27DAD /* Debug */,
				62CBBC3C1C7E317F00C27DAD /* Release */,
			);
			defaultConfigurationIsVisible = 0;
			defaultConfigurationName = Release;
		};
/* End XCConfigurationList section */
	};
	rootObject = 62CBBC041C7E317F00C27DAD /* Project object */;
}
