PODS:
  - Kringle (0.0.3):
    - PromisesSwift (~> 1.2.8)
  - PromisesObjC (1.2.8)
  - PromisesSwift (1.2.8):
    - PromisesObjC (= 1.2.8)

DEPENDENCIES:
  - Kringle

SPEC REPOS:
  https://github.com/cocoapods/specs.git:
    - Kringle
    - PromisesObjC
    - PromisesSwift

SPEC CHECKSUMS:
  Kringle: f5b03c4daabc632a4da62d4fe4163cba5f77aa38
  PromisesObjC: c119f3cd559f50b7ae681fa59dc1acd19173b7e6
  PromisesSwift: 37bad6f4daddb02f7c9c531efe91e8b21c13ee2f

PODFILE CHECKSUM: c3e1c499efa64e37800915210c40c0600fba40d0

COCOAPODS: 1.6.1
