// !$*UTF8*$!
{
	archiveVersion = 1;
	classes = {
	};
	objectVersion = 51;
	objects = {

/* Begin PBXBuildFile section */
		05D849E1609D580E9DC2A1E2 /* Pods_MassLotteryKenoTests.framework in Frameworks */ = {isa = PBXBuildFile; fileRef = BA480B55BAA03E368457166E /* Pods_MassLotteryKenoTests.framework */; };
		3D626E41F8A07D8B52A1340E /* Pods_MassLotteryKenoUITests.framework in Frameworks */ = {isa = PBXBuildFile; fileRef = 30C9B8933F6A23C3B765A0C9 /* Pods_MassLotteryKenoUITests.framework */; };
		51BC8EF4DCBE0932DB51B66E /* Pods_MassLotteryKeno.framework in Frameworks */ = {isa = PBXBuildFile; fileRef = E4611EE5B629924467B7E449 /* Pods_MassLotteryKeno.framework */; };
		6213BA7E229199070028BB8E /* DrawingTableViewController.swift in Sources */ = {isa = PBXBuildFile; fileRef = 6213BA7D229199070028BB8E /* DrawingTableViewController.swift */; };
		6213BA81229199D60028BB8E /* DrawingTableViewCell.swift in Sources */ = {isa = PBXBuildFile; fileRef = 6213BA7F229199D60028BB8E /* DrawingTableViewCell.swift */; };
		6213BA82229199D60028BB8E /* DrawingTableViewCell.xib in Resources */ = {isa = PBXBuildFile; fileRef = 6213BA80229199D60028BB8E /* DrawingTableViewCell.xib */; };
		6213BA8422919C320028BB8E /* DrawingViewModel.swift in Sources */ = {isa = PBXBuildFile; fileRef = 6213BA8322919C320028BB8E /* DrawingViewModel.swift */; };
		6213BA8622919EDD0028BB8E /* DrawingTableViewModel.swift in Sources */ = {isa = PBXBuildFile; fileRef = 6213BA8522919EDD0028BB8E /* DrawingTableViewModel.swift */; };
		628BC4FA2290C179008AD258 /* MassLotteryEndpoint.swift in Sources */ = {isa = PBXBuildFile; fileRef = 628BC4F92290C179008AD258 /* MassLotteryEndpoint.swift */; };
		628BC4FD2290CC2C008AD258 /* NumberCollectionViewCell.swift in Sources */ = {isa = PBXBuildFile; fileRef = 628BC4FB2290CC2C008AD258 /* NumberCollectionViewCell.swift */; };
		628BC4FE2290CC2C008AD258 /* NumberCollectionViewCell.xib in Resources */ = {isa = PBXBuildFile; fileRef = 628BC4FC2290CC2C008AD258 /* NumberCollectionViewCell.xib */; };
		628BC5052290D21C008AD258 /* NumberViewController.swift in Sources */ = {isa = PBXBuildFile; fileRef = 628BC5032290D21C008AD258 /* NumberViewController.swift */; };
		628BC5062290D21C008AD258 /* NumberView.xib in Resources */ = {isa = PBXBuildFile; fileRef = 628BC5042290D21C008AD258 /* NumberView.xib */; };
		628BC5092290D975008AD258 /* NumberViewModel.swift in Sources */ = {isa = PBXBuildFile; fileRef = 628BC5082290D975008AD258 /* NumberViewModel.swift */; };
		628BC50C2290E0E3008AD258 /* DrawingModel.swift in Sources */ = {isa = PBXBuildFile; fileRef = 628BC50B2290E0E3008AD258 /* DrawingModel.swift */; };
		628BC50E2290E3E7008AD258 /* GameDayModel.swift in Sources */ = {isa = PBXBuildFile; fileRef = 628BC50D2290E3E7008AD258 /* GameDayModel.swift */; };
		628BC5102290F4DA008AD258 /* AppCoordinator.swift in Sources */ = {isa = PBXBuildFile; fileRef = 628BC50F2290F4DA008AD258 /* AppCoordinator.swift */; };
		628BC5132291102A008AD258 /* LaunchScreen.xib in Resources */ = {isa = PBXBuildFile; fileRef = 628BC5122291102A008AD258 /* LaunchScreen.xib */; };
		62B832111C9A55A1007831B4 /* GameDayContract.swift in Sources */ = {isa = PBXBuildFile; fileRef = 62B832101C9A55A1007831B4 /* GameDayContract.swift */; };
		62CBBC101C7E317F00C27DAD /* AppDelegate.swift in Sources */ = {isa = PBXBuildFile; fileRef = 62CBBC0F1C7E317F00C27DAD /* AppDelegate.swift */; };
		62CBBC171C7E317F00C27DAD /* Assets.xcassets in Resources */ = {isa = PBXBuildFile; fileRef = 62CBBC161C7E317F00C27DAD /* Assets.xcassets */; };
		62CBBC251C7E317F00C27DAD /* MassStateKenoTests.swift in Sources */ = {isa = PBXBuildFile; fileRef = 62CBBC241C7E317F00C27DAD /* MassStateKenoTests.swift */; };
		62CBBC301C7E317F00C27DAD /* MassStateKenoUITests.swift in Sources */ = {isa = PBXBuildFile; fileRef = 62CBBC2F1C7E317F00C27DAD /* MassStateKenoUITests.swift */; };
		62CBBC411C7E31E100C27DAD /* LinearGradient.swift in Sources */ = {isa = PBXBuildFile; fileRef = 62CBBC401C7E31E100C27DAD /* LinearGradient.swift */; };
		62CBBC691C7E541E00C27DAD /* DrawingContract.swift in Sources */ = {isa = PBXBuildFile; fileRef = 62CBBC681C7E541E00C27DAD /* DrawingContract.swift */; };
/* End PBXBuildFile section */

/* Begin PBXContainerItemProxy section */
		62CBBC211C7E317F00C27DAD /* PBXContainerItemProxy */ = {
			isa = PBXContainerItemProxy;
			containerPortal = 62CBBC041C7E317F00C27DAD /* Project object */;
			proxyType = 1;
			remoteGlobalIDString = 62CBBC0B1C7E317F00C27DAD;
			remoteInfo = MassStateKeno;
		};
		62CBBC2C1C7E317F00C27DAD /* PBXContainerItemProxy */ = {
			isa = PBXContainerItemProxy;
			containerPortal = 62CBBC041C7E317F00C27DAD /* Project object */;
			proxyType = 1;
			remoteGlobalIDString = 62CBBC0B1C7E317F00C27DAD;
			remoteInfo = MassStateKeno;
		};
/* End PBXContainerItemProxy section */

/* Begin PBXFileReference section */
		053135189A709C0F6AD121F5 /* Pods-MassLotteryKenoTests.debug.xcconfig */ = {isa = PBXFileReference; includeInIndex = 1; lastKnownFileType = text.xcconfig; name = "Pods-MassLotteryKenoTests.debug.xcconfig"; path = "Target Support Files/Pods-MassLotteryKenoTests/Pods-MassLotteryKenoTests.debug.xcconfig"; sourceTree = "<group>"; };
		30C9B8933F6A23C3B765A0C9 /* Pods_MassLotteryKenoUITests.framework */ = {isa = PBXFileReference; explicitFileType = wrapper.framework; includeInIndex = 0; path = Pods_MassLotteryKenoUITests.framework; sourceTree = BUILT_PRODUCTS_DIR; };
		50DC6E416FB39DC9B78EA73C /* Pods-MassLotteryKenoTests.release.xcconfig */ = {isa = PBXFileReference; includeInIndex = 1; lastKnownFileType = text.xcconfig; name = "Pods-MassLotteryKenoTests.release.xcconfig"; path = "Target Support Files/Pods-MassLotteryKenoTests/Pods-MassLotteryKenoTests.release.xcconfig"; sourceTree = "<group>"; };
		6213BA7D229199070028BB8E /* DrawingTableViewController.swift */ = {isa = PBXFileReference; lastKnownFileType = sourcecode.swift; path = DrawingTableViewController.swift; sourceTree = "<group>"; };
		6213BA7F229199D60028BB8E /* DrawingTableViewCell.swift */ = {isa = PBXFileReference; lastKnownFileType = sourcecode.swift; path = DrawingTableViewCell.swift; sourceTree = "<group>"; };
		6213BA80229199D60028BB8E /* DrawingTableViewCell.xib */ = {isa = PBXFileReference; lastKnownFileType = file.xib; path = DrawingTableViewCell.xib; sourceTree = "<group>"; };
		6213BA8322919C320028BB8E /* DrawingViewModel.swift */ = {isa = PBXFileReference; lastKnownFileType = sourcecode.swift; path = DrawingViewModel.swift; sourceTree = "<group>"; };
		6213BA8522919EDD0028BB8E /* DrawingTableViewModel.swift */ = {isa = PBXFileReference; lastKnownFileType = sourcecode.swift; path = DrawingTableViewModel.swift; sourceTree = "<group>"; };
		628BC4F92290C179008AD258 /* MassLotteryEndpoint.swift */ = {isa = PBXFileReference; lastKnownFileType = sourcecode.swift; path = MassLotteryEndpoint.swift; sourceTree = "<group>"; };
		628BC4FB2290CC2C008AD258 /* NumberCollectionViewCell.swift */ = {isa = PBXFileReference; lastKnownFileType = sourcecode.swift; path = NumberCollectionViewCell.swift; sourceTree = "<group>"; };
		628BC4FC2290CC2C008AD258 /* NumberCollectionViewCell.xib */ = {isa = PBXFileReference; lastKnownFileType = file.xib; path = NumberCollectionViewCell.xib; sourceTree = "<group>"; };
		628BC5032290D21C008AD258 /* NumberViewController.swift */ = {isa = PBXFileReference; lastKnownFileType = sourcecode.swift; path = NumberViewController.swift; sourceTree = "<group>"; };
		628BC5042290D21C008AD258 /* NumberView.xib */ = {isa = PBXFileReference; lastKnownFileType = file.xib; path = NumberView.xib; sourceTree = "<group>"; };
		628BC5082290D975008AD258 /* NumberViewModel.swift */ = {isa = PBXFileReference; lastKnownFileType = sourcecode.swift; path = NumberViewModel.swift; sourceTree = "<group>"; };
		628BC50B2290E0E3008AD258 /* DrawingModel.swift */ = {isa = PBXFileReference; lastKnownFileType = sourcecode.swift; path = DrawingModel.swift; sourceTree = "<group>"; };
		628BC50D2290E3E7008AD258 /* GameDayModel.swift */ = {isa = PBXFileReference; lastKnownFileType = sourcecode.swift; path = GameDayModel.swift; sourceTree = "<group>"; };
		628BC50F2290F4DA008AD258 /* AppCoordinator.swift */ = {isa = PBXFileReference; lastKnownFileType = sourcecode.swift; path = AppCoordinator.swift; sourceTree = "<group>"; };
		628BC5122291102A008AD258 /* LaunchScreen.xib */ = {isa = PBXFileReference; lastKnownFileType = file.xib; path = LaunchScreen.xib; sourceTree = "<group>"; };
		62B832101C9A55A1007831B4 /* GameDayContract.swift */ = {isa = PBXFileReference; fileEncoding = 4; lastKnownFileType = sourcecode.swift; path = GameDayContract.swift; sourceTree = "<group>"; };
		62CBBC0C1C7E317F00C27DAD /* MassLotteryKeno.app */ = {isa = PBXFileReference; explicitFileType = wrapper.application; includeInIndex = 0; path = MassLotteryKeno.app; sourceTree = BUILT_PRODUCTS_DIR; };
		62CBBC0F1C7E317F00C27DAD /* AppDelegate.swift */ = {isa = PBXFileReference; lastKnownFileType = sourcecode.swift; path = AppDelegate.swift; sourceTree = "<group>"; };
		62CBBC161C7E317F00C27DAD /* Assets.xcassets */ = {isa = PBXFileReference; lastKnownFileType = folder.assetcatalog; path = Assets.xcassets; sourceTree = "<group>"; };
		62CBBC1B1C7E317F00C27DAD /* Info.plist */ = {isa = PBXFileReference; lastKnownFileType = text.plist.xml; path = Info.plist; sourceTree = "<group>"; };
		62CBBC201C7E317F00C27DAD /* MassLotteryKeno.xctest */ = {isa = PBXFileReference; explicitFileType = wrapper.cfbundle; includeInIndex = 0; path = MassLotteryKeno.xctest; sourceTree = BUILT_PRODUCTS_DIR; };
		62CBBC241C7E317F00C27DAD /* MassStateKenoTests.swift */ = {isa = PBXFileReference; lastKnownFileType = sourcecode.swift; path = MassStateKenoTests.swift; sourceTree = "<group>"; };
		62CBBC261C7E317F00C27DAD /* Info.plist */ = {isa = PBXFileReference; lastKnownFileType = text.plist.xml; path = Info.plist; sourceTree = "<group>"; };
		62CBBC2B1C7E317F00C27DAD /* MassLotteryKeno.xctest */ = {isa = PBXFileReference; explicitFileType = wrapper.cfbundle; includeInIndex = 0; path = MassLotteryKeno.xctest; sourceTree = BUILT_PRODUCTS_DIR; };
		62CBBC2F1C7E317F00C27DAD /* MassStateKenoUITests.swift */ = {isa = PBXFileReference; lastKnownFileType = sourcecode.swift; path = MassStateKenoUITests.swift; sourceTree = "<group>"; };
		62CBBC311C7E317F00C27DAD /* Info.plist */ = {isa = PBXFileReference; lastKnownFileType = text.plist.xml; path = Info.plist; sourceTree = "<group>"; };
		62CBBC401C7E31E100C27DAD /* LinearGradient.swift */ = {isa = PBXFileReference; fileEncoding = 4; lastKnownFileType = sourcecode.swift; path = LinearGradient.swift; sourceTree = "<group>"; };
		62CBBC681C7E541E00C27DAD /* DrawingContract.swift */ = {isa = PBXFileReference; fileEncoding = 4; lastKnownFileType = sourcecode.swift; path = DrawingContract.swift; sourceTree = "<group>"; };
		73BD1A360D3ADD78FCE11EA7 /* Pods-MassLotteryKeno.debug.xcconfig */ = {isa = PBXFileReference; includeInIndex = 1; lastKnownFileType = text.xcconfig; name = "Pods-MassLotteryKeno.debug.xcconfig"; path = "Target Support Files/Pods-MassLotteryKeno/Pods-MassLotteryKeno.debug.xcconfig"; sourceTree = "<group>"; };
		8F0944E8F76FEC24878DEBA1 /* Pods-MassLotteryKenoUITests.release.xcconfig */ = {isa = PBXFileReference; includeInIndex = 1; lastKnownFileType = text.xcconfig; name = "Pods-MassLotteryKenoUITests.release.xcconfig"; path = "Target Support Files/Pods-MassLotteryKenoUITests/Pods-MassLotteryKenoUITests.release.xcconfig"; sourceTree = "<group>"; };
		9B60E3380649B2F402AEF0C4 /* Pods-MassLotteryKenoUITests.debug.xcconfig */ = {isa = PBXFileReference; includeInIndex = 1; lastKnownFileType = text.xcconfig; name = "Pods-MassLotteryKenoUITests.debug.xcconfig"; path = "Target Support Files/Pods-MassLotteryKenoUITests/Pods-MassLotteryKenoUITests.debug.xcconfig"; sourceTree = "<group>"; };
		BA480B55BAA03E368457166E /* Pods_MassLotteryKenoTests.framework */ = {isa = PBXFileReference; explicitFileType = wrapper.framework; includeInIndex = 0; path = Pods_MassLotteryKenoTests.framework; sourceTree = BUILT_PRODUCTS_DIR; };
		E4611EE5B629924467B7E449 /* Pods_MassLotteryKeno.framework */ = {isa = PBXFileReference; explicitFileType = wrapper.framework; includeInIndex = 0; path = Pods_MassLotteryKeno.framework; sourceTree = BUILT_PRODUCTS_DIR; };
		F3992F96C40DB6A5942A1059 /* Pods-MassLotteryKeno.release.xcconfig */ = {isa = PBXFileReference; includeInIndex = 1; lastKnownFileType = text.xcconfig; name = "Pods-MassLotteryKeno.release.xcconfig"; path = "Target Support Files/Pods-MassLotteryKeno/Pods-MassLotteryKeno.release.xcconfig"; sourceTree = "<group>"; };
/* End PBXFileReference section */

/* Begin PBXFrameworksBuildPhase section */
		62CBBC091C7E317F00C27DAD /* Frameworks */ = {
			isa = PBXFrameworksBuildPhase;
			buildActionMask = 2147483647;
			files = (
				51BC8EF4DCBE0932DB51B66E /* Pods_MassLotteryKeno.framework in Frameworks */,
			);
			runOnlyForDeploymentPostprocessing = 0;
		};
		62CBBC1D1C7E317F00C27DAD /* Frameworks */ = {
			isa = PBXFrameworksBuildPhase;
			buildActionMask = 2147483647;
			files = (
				05D849E1609D580E9DC2A1E2 /* Pods_MassLotteryKenoTests.framework in Frameworks */,
			);
			runOnlyForDeploymentPostprocessing = 0;
		};
		62CBBC281C7E317F00C27DAD /* Frameworks */ = {
			isa = PBXFrameworksBuildPhase;
			buildActionMask = 2147483647;
			files = (
				3D626E41F8A07D8B52A1340E /* Pods_MassLotteryKenoUITests.framework in Frameworks */,
			);
			runOnlyForDeploymentPostprocessing = 0;
		};
/* End PBXFrameworksBuildPhase section */

/* Begin PBXGroup section */
		5EBF9C58D34FE2F43A504339 /* Frameworks */ = {
			isa = PBXGroup;
			children = (
				E4611EE5B629924467B7E449 /* Pods_MassLotteryKeno.framework */,
				BA480B55BAA03E368457166E /* Pods_MassLotteryKenoTests.framework */,
				30C9B8933F6A23C3B765A0C9 /* Pods_MassLotteryKenoUITests.framework */,
			);
			name = Frameworks;
			sourceTree = "<group>";
		};
		622A14D62291FA930068D64D /* UIComponents */ = {
			isa = PBXGroup;
			children = (
				62CBBC401C7E31E100C27DAD /* LinearGradient.swift */,
			);
			path = UIComponents;
			sourceTree = "<group>";
		};
		6274345B1C9B23830054DCBD /* Views */ = {
			isa = PBXGroup;
			children = (
				622A14D62291FA930068D64D /* UIComponents */,
				628BC4FB2290CC2C008AD258 /* NumberCollectionViewCell.swift */,
				628BC4FC2290CC2C008AD258 /* NumberCollectionViewCell.xib */,
				628BC5032290D21C008AD258 /* NumberViewController.swift */,
				628BC5042290D21C008AD258 /* NumberView.xib */,
				6213BA7D229199070028BB8E /* DrawingTableViewController.swift */,
				6213BA7F229199D60028BB8E /* DrawingTableViewCell.swift */,
				6213BA80229199D60028BB8E /* DrawingTableViewCell.xib */,
			);
			path = Views;
			sourceTree = "<group>";
		};
		6274345D1C9B239E0054DCBD /* Contracts */ = {
			isa = PBXGroup;
			children = (
				62B832101C9A55A1007831B4 /* GameDayContract.swift */,
				62CBBC681C7E541E00C27DAD /* DrawingContract.swift */,
			);
			path = Contracts;
			sourceTree = "<group>";
		};
		628BC5072290D93A008AD258 /* ViewModels */ = {
			isa = PBXGroup;
			children = (
				628BC5082290D975008AD258 /* NumberViewModel.swift */,
				6213BA8322919C320028BB8E /* DrawingViewModel.swift */,
				6213BA8522919EDD0028BB8E /* DrawingTableViewModel.swift */,
			);
			path = ViewModels;
			sourceTree = "<group>";
		};
		628BC50A2290E0CF008AD258 /* Models */ = {
			isa = PBXGroup;
			children = (
				628BC50B2290E0E3008AD258 /* DrawingModel.swift */,
				628BC50D2290E3E7008AD258 /* GameDayModel.swift */,
			);
			path = Models;
			sourceTree = "<group>";
		};
		628BC51122910AE5008AD258 /* API */ = {
			isa = PBXGroup;
			children = (
				628BC4F92290C179008AD258 /* MassLotteryEndpoint.swift */,
				6274345D1C9B239E0054DCBD /* Contracts */,
			);
			path = API;
			sourceTree = "<group>";
		};
		628BC51422911137008AD258 /* Coordinators */ = {
			isa = PBXGroup;
			children = (
				628BC50F2290F4DA008AD258 /* AppCoordinator.swift */,
			);
			path = Coordinators;
			sourceTree = "<group>";
		};
		62CBBC031C7E317F00C27DAD = {
			isa = PBXGroup;
			children = (
				62CBBC0D1C7E317F00C27DAD /* Products */,
				62CBBC3D1C7E31A200C27DAD /* Resources */,
				62CBBC0E1C7E317F00C27DAD /* Sources */,
				62CBBC3F1C7E31BC00C27DAD /* SupportFiles */,
				62CBBC3E1C7E31A900C27DAD /* Tests */,
				7FA99C54F6AB1F315DF73DB4 /* Pods */,
				5EBF9C58D34FE2F43A504339 /* Frameworks */,
			);
			sourceTree = "<group>";
		};
		62CBBC0D1C7E317F00C27DAD /* Products */ = {
			isa = PBXGroup;
			children = (
				62CBBC0C1C7E317F00C27DAD /* MassLotteryKeno.app */,
				62CBBC201C7E317F00C27DAD /* MassLotteryKeno.xctest */,
				62CBBC2B1C7E317F00C27DAD /* MassLotteryKeno.xctest */,
			);
			name = Products;
			sourceTree = "<group>";
		};
		62CBBC0E1C7E317F00C27DAD /* Sources */ = {
			isa = PBXGroup;
			children = (
				62CBBC0F1C7E317F00C27DAD /* AppDelegate.swift */,
				628BC51422911137008AD258 /* Coordinators */,
				628BC51122910AE5008AD258 /* API */,
				628BC50A2290E0CF008AD258 /* Models */,
				628BC5072290D93A008AD258 /* ViewModels */,
				6274345B1C9B23830054DCBD /* Views */,
			);
			path = Sources;
			sourceTree = "<group>";
		};
		62CBBC231C7E317F00C27DAD /* UnitTests */ = {
			isa = PBXGroup;
			children = (
				62CBBC261C7E317F00C27DAD /* Info.plist */,
				62CBBC241C7E317F00C27DAD /* MassStateKenoTests.swift */,
			);
			path = UnitTests;
			sourceTree = "<group>";
		};
		62CBBC2E1C7E317F00C27DAD /* UITests */ = {
			isa = PBXGroup;
			children = (
				62CBBC311C7E317F00C27DAD /* Info.plist */,
				62CBBC2F1C7E317F00C27DAD /* MassStateKenoUITests.swift */,
			);
			path = UITests;
			sourceTree = "<group>";
		};
		62CBBC3D1C7E31A200C27DAD /* Resources */ = {
			isa = PBXGroup;
			children = (
				62CBBC161C7E317F00C27DAD /* Assets.xcassets */,
				628BC5122291102A008AD258 /* LaunchScreen.xib */,
			);
			path = Resources;
			sourceTree = "<group>";
		};
		62CBBC3E1C7E31A900C27DAD /* Tests */ = {
			isa = PBXGroup;
			children = (
				62CBBC2E1C7E317F00C27DAD /* UITests */,
				62CBBC231C7E317F00C27DAD /* UnitTests */,
			);
			path = Tests;
			sourceTree = "<group>";
		};
		62CBBC3F1C7E31BC00C27DAD /* SupportFiles */ = {
			isa = PBXGroup;
			children = (
				62CBBC1B1C7E317F00C27DAD /* Info.plist */,
			);
			path = SupportFiles;
			sourceTree = "<group>";
		};
		7FA99C54F6AB1F315DF73DB4 /* Pods */ = {
			isa = PBXGroup;
			children = (
				73BD1A360D3ADD78FCE11EA7 /* Pods-MassLotteryKeno.debug.xcconfig */,
				F3992F96C40DB6A5942A1059 /* Pods-MassLotteryKeno.release.xcconfig */,
				053135189A709C0F6AD121F5 /* Pods-MassLotteryKenoTests.debug.xcconfig */,
				50DC6E416FB39DC9B78EA73C /* Pods-MassLotteryKenoTests.release.xcconfig */,
				9B60E3380649B2F402AEF0C4 /* Pods-MassLotteryKenoUITests.debug.xcconfig */,
				8F0944E8F76FEC24878DEBA1 /* Pods-MassLotteryKenoUITests.release.xcconfig */,
			);
			path = Pods;
			sourceTree = "<group>";
		};
/* End PBXGroup section */

/* Begin PBXNativeTarget section */
		62CBBC0B1C7E317F00C27DAD /* MassLotteryKeno */ = {
			isa = PBXNativeTarget;
			buildConfigurationList = 62CBBC341C7E317F00C27DAD /* Build configuration list for PBXNativeTarget "MassLotteryKeno" */;
			buildPhases = (
				8F7AFF1662CB4BB458A076F0 /* [CP] Check Pods Manifest.lock */,
				62CBBC081C7E317F00C27DAD /* Sources */,
				62CBBC091C7E317F00C27DAD /* Frameworks */,
				62CBBC0A1C7E317F00C27DAD /* Resources */,
				9F0AB6DA5784020797D8F53B /* [CP] Embed Pods Frameworks */,
			);
			buildRules = (
			);
			dependencies = (
			);
			name = MassLotteryKeno;
			productName = MassStateKeno;
			productReference = 62CBBC0C1C7E317F00C27DAD /* MassLotteryKeno.app */;
			productType = "com.apple.product-type.application";
		};
		62CBBC1F1C7E317F00C27DAD /* MassLotteryKenoTests */ = {
			isa = PBXNativeTarget;
			buildConfigurationList = 62CBBC371C7E317F00C27DAD /* Build configuration list for PBXNativeTarget "MassLotteryKenoTests" */;
			buildPhases = (
				12D47C110FF11ADA0575DDA6 /* [CP] Check Pods Manifest.lock */,
				62CBBC1C1C7E317F00C27DAD /* Sources */,
				62CBBC1D1C7E317F00C27DAD /* Frameworks */,
				62CBBC1E1C7E317F00C27DAD /* Resources */,
			);
			buildRules = (
			);
			dependencies = (
				62CBBC221C7E317F00C27DAD /* PBXTargetDependency */,
			);
			name = MassLotteryKenoTests;
			productName = MassStateKenoTests;
			productReference = 62CBBC201C7E317F00C27DAD /* MassLotteryKeno.xctest */;
			productType = "com.apple.product-type.bundle.unit-test";
		};
		62CBBC2A1C7E317F00C27DAD /* MassLotteryKenoUITests */ = {
			isa = PBXNativeTarget;
			buildConfigurationList = 62CBBC3A1C7E317F00C27DAD /* Build configuration list for PBXNativeTarget "MassLotteryKenoUITests" */;
			buildPhases = (
				1F0F7DE1794801513629B910 /* [CP] Check Pods Manifest.lock */,
				62CBBC271C7E317F00C27DAD /* Sources */,
				62CBBC281C7E317F00C27DAD /* Frameworks */,
				62CBBC291C7E317F00C27DAD /* Resources */,
			);
			buildRules = (
			);
			dependencies = (
				62CBBC2D1C7E317F00C27DAD /* PBXTargetDependency */,
			);
			name = MassLotteryKenoUITests;
			productName = MassStateKenoUITests;
			productReference = 62CBBC2B1C7E317F00C27DAD /* MassLotteryKeno.xctest */;
			productType = "com.apple.product-type.bundle.ui-testing";
		};
/* End PBXNativeTarget section */

/* Begin PBXProject section */
		62CBBC041C7E317F00C27DAD /* Project object */ = {
			isa = PBXProject;
			attributes = {
				CLASSPREFIX = AD;
				LastSwiftUpdateCheck = 0720;
				LastUpgradeCheck = 1020;
				ORGANIZATIONNAME = "Alexis Digital";
				TargetAttributes = {
					62CBBC0B1C7E317F00C27DAD = {
						CreatedOnToolsVersion = 7.2.1;
					};
					62CBBC1F1C7E317F00C27DAD = {
						CreatedOnToolsVersion = 7.2.1;
						TestTargetID = 62CBBC0B1C7E317F00C27DAD;
					};
					62CBBC2A1C7E317F00C27DAD = {
						CreatedOnToolsVersion = 7.2.1;
						TestTargetID = 62CBBC0B1C7E317F00C27DAD;
					};
				};
			};
			buildConfigurationList = 62CBBC071C7E317F00C27DAD /* Build configuration list for PBXProject "MassLotteryKeno" */;
			compatibilityVersion = "Xcode 10.0";
			developmentRegion = en;
			hasScannedForEncodings = 0;
			knownRegions = (
				en,
				Base,
			);
			mainGroup = 62CBBC031C7E317F00C27DAD;
			productRefGroup = 62CBBC0D1C7E317F00C27DAD /* Products */;
			projectDirPath = "";
			projectRoot = "";
			targets = (
				62CBBC0B1C7E317F00C27DAD /* MassLotteryKeno */,
				62CBBC1F1C7E317F00C27DAD /* MassLotteryKenoTests */,
				62CBBC2A1C7E317F00C27DAD /* MassLotteryKenoUITests */,
			);
		};
/* End PBXProject section */

/* Begin PBXResourcesBuildPhase section */
		62CBBC0A1C7E317F00C27DAD /* Resources */ = {
			isa = PBXResourcesBuildPhase;
			buildActionMask = 2147483647;
			files = (
				628BC5132291102A008AD258 /* LaunchScreen.xib in Resources */,
				628BC5062290D21C008AD258 /* NumberView.xib in Resources */,
				6213BA82229199D60028BB8E /* DrawingTableViewCell.xib in Resources */,
				628BC4FE2290CC2C008AD258 /* NumberCollectionViewCell.xib in Resources */,
				62CBBC171C7E317F00C27DAD /* Assets.xcassets in Resources */,
			);
			runOnlyForDeploymentPostprocessing = 0;
		};
		62CBBC1E1C7E317F00C27DAD /* Resources */ = {
			isa = PBXResourcesBuildPhase;
			buildActionMask = 2147483647;
			files = (
			);
			runOnlyForDeploymentPostprocessing = 0;
		};
		62CBBC291C7E317F00C27DAD /* Resources */ = {
			isa = PBXResourcesBuildPhase;
			buildActionMask = 2147483647;
			files = (
			);
			runOnlyForDeploymentPostprocessing = 0;
		};
/* End PBXResourcesBuildPhase section */

/* Begin PBXShellScriptBuildPhase section */
		12D47C110FF11ADA0575DDA6 /* [CP] Check Pods Manifest.lock */ = {
			isa = PBXShellScriptBuildPhase;
			buildActionMask = 2147483647;
			files = (
			);
			inputFileListPaths = (
			);
			inputPaths = (
				"${PODS_PODFILE_DIR_PATH}/Podfile.lock",
				"${PODS_ROOT}/Manifest.lock",
			);
			name = "[CP] Check Pods Manifest.lock";
			outputFileListPaths = (
			);
			outputPaths = (
				"$(DERIVED_FILE_DIR)/Pods-MassLotteryKenoTests-checkManifestLockResult.txt",
			);
			runOnlyForDeploymentPostprocessing = 0;
			shellPath = /bin/sh;
			shellScript = "diff \"${PODS_PODFILE_DIR_PATH}/Podfile.lock\" \"${PODS_ROOT}/Manifest.lock\" > /dev/null\nif [ $? != 0 ] ; then\n    # print error to STDERR\n    echo \"error: The sandbox is not in sync with the Podfile.lock. Run 'pod install' or update your CocoaPods installation.\" >&2\n    exit 1\nfi\n# This output is used by Xcode 'outputs' to avoid re-running this script phase.\necho \"SUCCESS\" > \"${SCRIPT_OUTPUT_FILE_0}\"\n";
			showEnvVarsInLog = 0;
		};
		1F0F7DE1794801513629B910 /* [CP] Check Pods Manifest.lock */ = {
			isa = PBXShellScriptBuildPhase;
			buildActionMask = 2147483647;
			files = (
			);
			inputFileListPaths = (
			);
			inputPaths = (
				"${PODS_PODFILE_DIR_PATH}/Podfile.lock",
				"${PODS_ROOT}/Manifest.lock",
			);
			name = "[CP] Check Pods Manifest.lock";
			outputFileListPaths = (
			);
			outputPaths = (
				"$(DERIVED_FILE_DIR)/Pods-MassLotteryKenoUITests-checkManifestLockResult.txt",
			);
			runOnlyForDeploymentPostprocessing = 0;
			shellPath = /bin/sh;
			shellScript = "diff \"${PODS_PODFILE_DIR_PATH}/Podfile.lock\" \"${PODS_ROOT}/Manifest.lock\" > /dev/null\nif [ $? != 0 ] ; then\n    # print error to STDERR\n    echo \"error: The sandbox is not in sync with the Podfile.lock. Run 'pod install' or update your CocoaPods installation.\" >&2\n    exit 1\nfi\n# This output is used by Xcode 'outputs' to avoid re-running this script phase.\necho \"SUCCESS\" > \"${SCRIPT_OUTPUT_FILE_0}\"\n";
			showEnvVarsInLog = 0;
		};
		8F7AFF1662CB4BB458A076F0 /* [CP] Check Pods Manifest.lock */ = {
			isa = PBXShellScriptBuildPhase;
			buildActionMask = 2147483647;
			files = (
			);
			inputFileListPaths = (
			);
			inputPaths = (
				"${PODS_PODFILE_DIR_PATH}/Podfile.lock",
				"${PODS_ROOT}/Manifest.lock",
			);
			name = "[CP] Check Pods Manifest.lock";
			outputFileListPaths = (
			);
			outputPaths = (
				"$(DERIVED_FILE_DIR)/Pods-MassLotteryKeno-checkManifestLockResult.txt",
			);
			runOnlyForDeploymentPostprocessing = 0;
			shellPath = /bin/sh;
			shellScript = "diff \"${PODS_PODFILE_DIR_PATH}/Podfile.lock\" \"${PODS_ROOT}/Manifest.lock\" > /dev/null\nif [ $? != 0 ] ; then\n    # print error to STDERR\n    echo \"error: The sandbox is not in sync with the Podfile.lock. Run 'pod install' or update your CocoaPods installation.\" >&2\n    exit 1\nfi\n# This output is used by Xcode 'outputs' to avoid re-running this script phase.\necho \"SUCCESS\" > \"${SCRIPT_OUTPUT_FILE_0}\"\n";
			showEnvVarsInLog = 0;
		};
		9F0AB6DA5784020797D8F53B /* [CP] Embed Pods Frameworks */ = {
			isa = PBXShellScriptBuildPhase;
			buildActionMask = 2147483647;
			files = (
			);
			inputFileListPaths = (
				"${PODS_ROOT}/Target Support Files/Pods-MassLotteryKeno/Pods-MassLotteryKeno-frameworks-${CONFIGURATION}-input-files.xcfilelist",
			);
			name = "[CP] Embed Pods Frameworks";
			outputFileListPaths = (
				"${PODS_ROOT}/Target Support Files/Pods-MassLotteryKeno/Pods-MassLotteryKeno-frameworks-${CONFIGURATION}-output-files.xcfilelist",
			);
			runOnlyForDeploymentPostprocessing = 0;
			shellPath = /bin/sh;
			shellScript = "\"${PODS_ROOT}/Target Support Files/Pods-MassLotteryKeno/Pods-MassLotteryKeno-frameworks.sh\"\n";
			showEnvVarsInLog = 0;
		};
/* End PBXShellScriptBuildPhase section */

/* Begin PBXSourcesBuildPhase section */
		62CBBC081C7E317F00C27DAD /* Sources */ = {
			isa = PBXSourcesBuildPhase;
			buildActionMask = 2147483647;
			files = (
				6213BA7E229199070028BB8E /* DrawingTableViewController.swift in Sources */,
				628BC5102290F4DA008AD258 /* AppCoordinator.swift in Sources */,
				628BC4FA2290C179008AD258 /* MassLotteryEndpoint.swift in Sources */,
				6213BA8622919EDD0028BB8E /* DrawingTableViewModel.swift in Sources */,
				628BC4FD2290CC2C008AD258 /* NumberCollectionViewCell.swift in Sources */,
				6213BA81229199D60028BB8E /* DrawingTableViewCell.swift in Sources */,
				628BC50C2290E0E3008AD258 /* DrawingModel.swift in Sources */,
				62B832111C9A55A1007831B4 /* GameDayContract.swift in Sources */,
				628BC5092290D975008AD258 /* NumberViewModel.swift in Sources */,
				628BC5052290D21C008AD258 /* NumberViewController.swift in Sources */,
				62CBBC101C7E317F00C27DAD /* AppDelegate.swift in Sources */,
				628BC50E2290E3E7008AD258 /* GameDayModel.swift in Sources */,
				6213BA8422919C320028BB8E /* DrawingViewModel.swift in Sources */,
				62CBBC691C7E541E00C27DAD /* DrawingContract.swift in Sources */,
				62CBBC411C7E31E100C27DAD /* LinearGradient.swift in Sources */,
			);
			runOnlyForDeploymentPostprocessing = 0;
		};
		62CBBC1C1C7E317F00C27DAD /* Sources */ = {
			isa = PBXSourcesBuildPhase;
			buildActionMask = 2147483647;
			files = (
				62CBBC251C7E317F00C27DAD /* MassStateKenoTests.swift in Sources */,
			);
			runOnlyForDeploymentPostprocessing = 0;
		};
		62CBBC271C7E317F00C27DAD /* Sources */ = {
			isa = PBXSourcesBuildPhase;
			buildActionMask = 2147483647;
			files = (
				62CBBC301C7E317F00C27DAD /* MassStateKenoUITests.swift in Sources */,
			);
			runOnlyForDeploymentPostprocessing = 0;
		};
/* End PBXSourcesBuildPhase section */

/* Begin PBXTargetDependency section */
		62CBBC221C7E317F00C27DAD /* PBXTargetDependency */ = {
			isa = PBXTargetDependency;
			target = 62CBBC0B1C7E317F00C27DAD /* MassLotteryKeno */;
			targetProxy = 62CBBC211C7E317F00C27DAD /* PBXContainerItemProxy */;
		};
		62CBBC2D1C7E317F00C27DAD /* PBXTargetDependency */ = {
			isa = PBXTargetDependency;
			target = 62CBBC0B1C7E317F00C27DAD /* MassLotteryKeno */;
			targetProxy = 62CBBC2C1C7E317F00C27DAD /* PBXContainerItemProxy */;
		};
/* End PBXTargetDependency section */

/* Begin XCBuildConfiguration section */
		62CBBC321C7E317F00C27DAD /* Debug */ = {
			isa = XCBuildConfiguration;
			buildSettings = {
				ALWAYS_SEARCH_USER_PATHS = NO;
				CLANG_ANALYZER_LOCALIZABILITY_NONLOCALIZED = YES;
				CLANG_CXX_LANGUAGE_STANDARD = "gnu++0x";
				CLANG_CXX_LIBRARY = "libc++";
				CLANG_ENABLE_MODULES = YES;
				CLANG_ENABLE_OBJC_ARC = YES;
				CLANG_WARN_ASSIGN_ENUM = YES;
				CLANG_WARN_BLOCK_CAPTURE_AUTORELEASING = YES;
				CLANG_WARN_BOOL_CONVERSION = YES;
				CLANG_WARN_COMMA = YES;
				CLANG_WARN_CONSTANT_CONVERSION = YES;
				CLANG_WARN_DEPRECATED_OBJC_IMPLEMENTATIONS = YES;
				CLANG_WARN_DIRECT_OBJC_ISA_USAGE = YES_ERROR;
				CLANG_WARN_DOCUMENTATION_COMMENTS = YES;
				CLANG_WARN_EMPTY_BODY = YES;
				CLANG_WARN_ENUM_CONVERSION = YES;
				CLANG_WARN_IMPLICIT_SIGN_CONVERSION = YES;
				CLANG_WARN_INFINITE_RECURSION = YES;
				CLANG_WARN_INT_CONVERSION = YES;
				CLANG_WARN_NULLABLE_TO_NONNULL_CONVERSION = YES;
				CLANG_WARN_OBJC_IMPLICIT_ATOMIC_PROPERTIES = YES;
				CLANG_WARN_OBJC_IMPLICIT_RETAIN_SELF = YES;
				CLANG_WARN_OBJC_ROOT_CLASS = YES_ERROR;
				CLANG_WARN_RANGE_LOOP_ANALYSIS = YES;
				CLANG_WARN_STRICT_PROTOTYPES = YES;
				CLANG_WARN_SUSPICIOUS_IMPLICIT_CONVERSION = YES;
				CLANG_WARN_SUSPICIOUS_MOVE = YES;
				CLANG_WARN_UNREACHABLE_CODE = YES;
				CLANG_WARN__DUPLICATE_METHOD_MATCH = YES;
				"CODE_SIGN_IDENTITY[sdk=iphoneos*]" = "iPhone Developer";
				COPY_PHASE_STRIP = NO;
				DEBUG_INFORMATION_FORMAT = dwarf;
				ENABLE_STRICT_OBJC_MSGSEND = YES;
				ENABLE_TESTABILITY = YES;
				GCC_C_LANGUAGE_STANDARD = gnu99;
				GCC_DYNAMIC_NO_PIC = NO;
				GCC_NO_COMMON_BLOCKS = YES;
				GCC_OPTIMIZATION_LEVEL = 0;
				GCC_PREPROCESSOR_DEFINITIONS = (
					"DEBUG=1",
					"$(inherited)",
				);
				GCC_TREAT_IMPLICIT_FUNCTION_DECLARATIONS_AS_ERRORS = YES;
				GCC_TREAT_INCOMPATIBLE_POINTER_TYPE_WARNINGS_AS_ERRORS = YES;
				GCC_TREAT_WARNINGS_AS_ERRORS = YES;
				GCC_WARN_64_TO_32_BIT_CONVERSION = YES;
				GCC_WARN_ABOUT_MISSING_FIELD_INITIALIZERS = YES;
				GCC_WARN_ABOUT_MISSING_NEWLINE = YES;
				GCC_WARN_ABOUT_MISSING_PROTOTYPES = YES;
				GCC_WARN_ABOUT_RETURN_TYPE = YES_ERROR;
				GCC_WARN_FOUR_CHARACTER_CONSTANTS = YES;
				GCC_WARN_INITIALIZER_NOT_FULLY_BRACKETED = YES;
				GCC_WARN_PEDANTIC = YES;
				GCC_WARN_SHADOW = YES;
				GCC_WARN_SIGN_COMPARE = YES;
				GCC_WARN_STRICT_SELECTOR_MATCH = YES;
				GCC_WARN_UNDECLARED_SELECTOR = YES;
				GCC_WARN_UNINITIALIZED_AUTOS = YES_AGGRESSIVE;
				GCC_WARN_UNKNOWN_PRAGMAS = YES;
				GCC_WARN_UNUSED_FUNCTION = YES;
				GCC_WARN_UNUSED_LABEL = YES;
				GCC_WARN_UNUSED_PARAMETER = YES;
				GCC_WARN_UNUSED_VARIABLE = YES;
				IPHONEOS_DEPLOYMENT_TARGET = 11.0;
				MTL_ENABLE_DEBUG_INFO = YES;
				ONLY_ACTIVE_ARCH = YES;
				SDKROOT = iphoneos;
				SWIFT_OPTIMIZATION_LEVEL = "-Onone";
				SWIFT_VERSION = 5.0;
				TARGETED_DEVICE_FAMILY = "1,2";
			};
			name = Debug;
		};
		62CBBC331C7E317F00C27DAD /* Release */ = {
			isa = XCBuildConfiguration;
			buildSettings = {
				ALWAYS_SEARCH_USER_PATHS = NO;
				CLANG_ANALYZER_LOCALIZABILITY_NONLOCALIZED = YES;
				CLANG_CXX_LANGUAGE_STANDARD = "gnu++0x";
				CLANG_CXX_LIBRARY = "libc++";
				CLANG_ENABLE_MODULES = YES;
				CLANG_ENABLE_OBJC_ARC = YES;
				CLANG_WARN_ASSIGN_ENUM = YES;
				CLANG_WARN_BLOCK_CAPTURE_AUTORELEASING = YES;
				CLANG_WARN_BOOL_CONVERSION = YES;
				CLANG_WARN_COMMA = YES;
				CLANG_WARN_CONSTANT_CONVERSION = YES;
				CLANG_WARN_DEPRECATED_OBJC_IMPLEMENTATIONS = YES;
				CLANG_WARN_DIRECT_OBJC_ISA_USAGE = YES_ERROR;
				CLANG_WARN_DOCUMENTATION_COMMENTS = YES;
				CLANG_WARN_EMPTY_BODY = YES;
				CLANG_WARN_ENUM_CONVERSION = YES;
				CLANG_WARN_IMPLICIT_SIGN_CONVERSION = YES;
				CLANG_WARN_INFINITE_RECURSION = YES;
				CLANG_WARN_INT_CONVERSION = YES;
				CLANG_WARN_NULLABLE_TO_NONNULL_CONVERSION = YES;
				CLANG_WARN_OBJC_IMPLICIT_ATOMIC_PROPERTIES = YES;
				CLANG_WARN_OBJC_IMPLICIT_RETAIN_SELF = YES;
				CLANG_WARN_OBJC_ROOT_CLASS = YES_ERROR;
				CLANG_WARN_RANGE_LOOP_ANALYSIS = YES;
				CLANG_WARN_STRICT_PROTOTYPES = YES;
				CLANG_WARN_SUSPICIOUS_IMPLICIT_CONVERSION = YES;
				CLANG_WARN_SUSPICIOUS_MOVE = YES;
				CLANG_WARN_UNREACHABLE_CODE = YES;
				CLANG_WARN__DUPLICATE_METHOD_MATCH = YES;
				"CODE_SIGN_IDENTITY[sdk=iphoneos*]" = "iPhone Developer";
				COPY_PHASE_STRIP = NO;
				DEBUG_INFORMATION_FORMAT = "dwarf-with-dsym";
				ENABLE_NS_ASSERTIONS = NO;
				ENABLE_STRICT_OBJC_MSGSEND = YES;
				GCC_C_LANGUAGE_STANDARD = gnu99;
				GCC_NO_COMMON_BLOCKS = YES;
				GCC_TREAT_IMPLICIT_FUNCTION_DECLARATIONS_AS_ERRORS = YES;
				GCC_TREAT_INCOMPATIBLE_POINTER_TYPE_WARNINGS_AS_ERRORS = YES;
				GCC_TREAT_WARNINGS_AS_ERRORS = YES;
				GCC_WARN_64_TO_32_BIT_CONVERSION = YES;
				GCC_WARN_ABOUT_MISSING_FIELD_INITIALIZERS = YES;
				GCC_WARN_ABOUT_MISSING_NEWLINE = YES;
				GCC_WARN_ABOUT_MISSING_PROTOTYPES = YES;
				GCC_WARN_ABOUT_RETURN_TYPE = YES_ERROR;
				GCC_WARN_FOUR_CHARACTER_CONSTANTS = YES;
				GCC_WARN_INITIALIZER_NOT_FULLY_BRACKETED = YES;
				GCC_WARN_PEDANTIC = YES;
				GCC_WARN_SHADOW = YES;
				GCC_WARN_SIGN_COMPARE = YES;
				GCC_WARN_STRICT_SELECTOR_MATCH = YES;
				GCC_WARN_UNDECLARED_SELECTOR = YES;
				GCC_WARN_UNINITIALIZED_AUTOS = YES_AGGRESSIVE;
				GCC_WARN_UNKNOWN_PRAGMAS = YES;
				GCC_WARN_UNUSED_FUNCTION = YES;
				GCC_WARN_UNUSED_LABEL = YES;
				GCC_WARN_UNUSED_PARAMETER = YES;
				GCC_WARN_UNUSED_VARIABLE = YES;
				IPHONEOS_DEPLOYMENT_TARGET = 11.0;
				MTL_ENABLE_DEBUG_INFO = NO;
				SDKROOT = iphoneos;
				SWIFT_COMPILATION_MODE = wholemodule;
				SWIFT_VERSION = 5.0;
				TARGETED_DEVICE_FAMILY = "1,2";
				VALIDATE_PRODUCT = YES;
			};
			name = Release;
		};
		62CBBC351C7E317F00C27DAD /* Debug */ = {
			isa = XCBuildConfiguration;
			baseConfigurationReference = 73BD1A360D3ADD78FCE11EA7 /* Pods-MassLotteryKeno.debug.xcconfig */;
			buildSettings = {
				ASSETCATALOG_COMPILER_APPICON_NAME = AppIcon;
				CODE_SIGN_IDENTITY = "iPhone Developer";
				"CODE_SIGN_IDENTITY[sdk=iphoneos*]" = "iPhone Developer";
				DEVELOPMENT_TEAM = "";
				FRAMEWORK_SEARCH_PATHS = (
					"$(inherited)",
					"$(PROJECT_DIR)/Carthage/Build/iOS",
				);
				GCC_WARN_UNKNOWN_PRAGMAS = YES;
				GCC_WARN_UNUSED_LABEL = YES;
				GCC_WARN_UNUSED_PARAMETER = YES;
				INFOPLIST_FILE = "$(SRCROOT)/SupportFiles/Info.plist";
				IPHONEOS_DEPLOYMENT_TARGET = 11.0;
				LD_RUNPATH_SEARCH_PATHS = (
					"$(inherited)",
					"@executable_path/Frameworks",
				);
				PRODUCT_BUNDLE_IDENTIFIER = com.alexisdigital.MassLotteryKeno;
				PRODUCT_NAME = MassLotteryKeno;
				PROVISIONING_PROFILE = "";
			};
			name = Debug;
		};
		62CBBC361C7E317F00C27DAD /* Release */ = {
			isa = XCBuildConfiguration;
			baseConfigurationReference = F3992F96C40DB6A5942A1059 /* Pods-MassLotteryKeno.release.xcconfig */;
			buildSettings = {
				ASSETCATALOG_COMPILER_APPICON_NAME = AppIcon;
				CODE_SIGN_IDENTITY = "iPhone Developer";
				"CODE_SIGN_IDENTITY[sdk=iphoneos*]" = "iPhone Developer";
				DEVELOPMENT_TEAM = "";
				FRAMEWORK_SEARCH_PATHS = (
					"$(inherited)",
					"$(PROJECT_DIR)/Carthage/Build/iOS",
				);
				GCC_WARN_UNKNOWN_PRAGMAS = YES;
				GCC_WARN_UNUSED_LABEL = YES;
				GCC_WARN_UNUSED_PARAMETER = YES;
				INFOPLIST_FILE = "$(SRCROOT)/SupportFiles/Info.plist";
				IPHONEOS_DEPLOYMENT_TARGET = 11.0;
				LD_RUNPATH_SEARCH_PATHS = (
					"$(inherited)",
					"@executable_path/Frameworks",
				);
				PRODUCT_BUNDLE_IDENTIFIER = com.alexisdigital.MassLotteryKeno;
				PRODUCT_NAME = MassLotteryKeno;
				PROVISIONING_PROFILE = "";
			};
			name = Release;
		};
		62CBBC381C7E317F00C27DAD /* Debug */ = {
			isa = XCBuildConfiguration;
			baseConfigurationReference = 053135189A709C0F6AD121F5 /* Pods-MassLotteryKenoTests.debug.xcconfig */;
			buildSettings = {
				BUNDLE_LOADER = "$(TEST_HOST)";
				INFOPLIST_FILE = Tests/UnitTests/Info.plist;
				LD_RUNPATH_SEARCH_PATHS = (
					"$(inherited)",
					"@executable_path/Frameworks",
					"@loader_path/Frameworks",
				);
				PRODUCT_BUNDLE_IDENTIFIER = com.alexisdigital.MassStateKenoTests;
				PRODUCT_NAME = MassLotteryKeno;
				TEST_HOST = "$(BUILT_PRODUCTS_DIR)/MassLotteryKeno.app/MassLotteryKeno";
			};
			name = Debug;
		};
		62CBBC391C7E317F00C27DAD /* Release */ = {
			isa = XCBuildConfiguration;
			baseConfigurationReference = 50DC6E416FB39DC9B78EA73C /* Pods-MassLotteryKenoTests.release.xcconfig */;
			buildSettings = {
				BUNDLE_LOADER = "$(TEST_HOST)";
				INFOPLIST_FILE = Tests/UnitTests/Info.plist;
				LD_RUNPATH_SEARCH_PATHS = (
					"$(inherited)",
					"@executable_path/Frameworks",
					"@loader_path/Frameworks",
				);
				PRODUCT_BUNDLE_IDENTIFIER = com.alexisdigital.MassStateKenoTests;
				PRODUCT_NAME = MassLotteryKeno;
				TEST_HOST = "$(BUILT_PRODUCTS_DIR)/MassLotteryKeno.app/MassLotteryKeno";
			};
			name = Release;
		};
		62CBBC3B1C7E317F00C27DAD /* Debug */ = {
			isa = XCBuildConfiguration;
			baseConfigurationReference = 9B60E3380649B2F402AEF0C4 /* Pods-MassLotteryKenoUITests.debug.xcconfig */;
			buildSettings = {
				INFOPLIST_FILE = Tests/UITests/Info.plist;
				LD_RUNPATH_SEARCH_PATHS = (
					"$(inherited)",
					"@executable_path/Frameworks",
					"@loader_path/Frameworks",
				);
				PRODUCT_BUNDLE_IDENTIFIER = com.alexisdigital.MassStateKenoUITests;
				PRODUCT_NAME = MassLotteryKeno;
				TEST_TARGET_NAME = MassStateKeno;
				USES_XCTRUNNER = YES;
			};
			name = Debug;
		};
		62CBBC3C1C7E317F00C27DAD /* Release */ = {
			isa = XCBuildConfiguration;
			baseConfigurationReference = 8F0944E8F76FEC24878DEBA1 /* Pods-MassLotteryKenoUITests.release.xcconfig */;
			buildSettings = {
				INFOPLIST_FILE = Tests/UITests/Info.plist;
				LD_RUNPATH_SEARCH_PATHS = (
					"$(inherited)",
					"@executable_path/Frameworks",
					"@loader_path/Frameworks",
				);
				PRODUCT_BUNDLE_IDENTIFIER = com.alexisdigital.MassStateKenoUITests;
				PRODUCT_NAME = MassLotteryKeno;
				TEST_TARGET_NAME = MassStateKeno;
				USES_XCTRUNNER = YES;
			};
			name = Release;
		};
/* End XCBuildConfiguration section */

/* Begin XCConfigurationList section */
		62CBBC071C7E317F00C27DAD /* Build configuration list for PBXProject "MassLotteryKeno" */ = {
			isa = XCConfigurationList;
			buildConfigurations = (
				62CBBC321C7E317F00C27DAD /* Debug */,
				62CBBC331C7E317F00C27DAD /* Release */,
			);
			defaultConfigurationIsVisible = 0;
			defaultConfigurationName = Release;
		};
		62CBBC341C7E317F00C27DAD /* Build configuration list for PBXNativeTarget "MassLotteryKeno" */ = {
			isa = XCConfigurationList;
			buildConfigurations = (
				62CBBC351C7E317F00C27DAD /* Debug */,
				62CBBC361C7E317F00C27DAD /* Release */,
			);
			defaultConfigurationIsVisible = 0;
			defaultConfigurationName = Release;
		};
		62CBBC371C7E317F00C27DAD /* Build configuration list for PBXNativeTarget "MassLotteryKenoTests" */ = {
			isa = XCConfigurationList;
			buildConfigurations = (
				62CBBC381C7E317F00C27DAD /* Debug */,
				62CBBC391C7E317F00C27DAD /* Release */,
			);
			defaultConfigurationIsVisible = 0;
			defaultConfigurationName = Release;
		};
		62CBBC3A1C7E317F00C27DAD /* Build configuration list for PBXNativeTarget "MassLotteryKenoUITests" */ = {
			isa = XCConfigurationList;
			buildConfigurations = (
				62CBBC3B1C7E317F00C27DAD /* Debug */,
				62CBBC3C1C7E317F00C27DAD /* Release */,
			);
			defaultConfigurationIsVisible = 0;
			defaultConfigurationName = Release;
		};
/* End XCConfigurationList section */
	};
	rootObject = 62CBBC041C7E317F00C27DAD /* Project object */;
}
